
Microsoft Visual Studio Solution File, Format Version 12.00
# Visual Studio Version 16
VisualStudioVersion = 16.0.29806.167
MinimumVisualStudioVersion = 10.0.40219.1
Project("{FAE04EC0-301F-11D3-BF4B-00C04F79EFBC}") = "Homework for class 7", "Homework for class 7\Homework for class 7.csproj", "{6E253DA5-A96F-4B44-8E31-D055FCAB284D}"
EndProject
Global
	GlobalSection(SolutionConfigurationPlatforms) = preSolution
		Debug|Any CPU = Debug|Any CPU
		Release|Any CPU = Release|Any CPU
	EndGlobalSection
	GlobalSection(ProjectConfigurationPlatforms) = postSolution
		{6E253DA5-A96F-4B44-8E31-D055FCAB284D}.Debug|Any CPU.ActiveCfg = Debug|Any CPU
		{6E253DA5-A96F-4B44-8E31-D055FCAB284D}.Debug|Any CPU.Build.0 = Debug|Any CPU
		{6E253DA5-A96F-4B44-8E31-D055FCAB284D}.Release|Any CPU.ActiveCfg = Release|Any CPU
		{6E253DA5-A96F-4B44-8E31-D055FCAB284D}.Release|Any CPU.Build.0 = Release|Any CPU
	EndGlobalSection
	GlobalSection(SolutionProperties) = preSolution
		HideSolutionNode = FALSE
	EndGlobalSection
	GlobalSection(ExtensibilityGlobals) = postSolution
		SolutionGuid = {3A03A676-2B12-4B6A-9177-2363C85D86DE}
	EndGlobalSection
EndGlobal
